
Microsoft Visual Studio Solution File, Format Version 12.00
Project("{FAE04EC0-301F-11D3-BF4B-00C04F79EFBC}") = "TaskManagerAPI", "TaskManagerAPI\TaskManagerAPI.csproj", "{584AA8E3-684B-4C45-BB34-29D6FCB6AE82}"
EndProject
Project("{FAE04EC0-301F-11D3-BF4B-00C04F79EFBC}") = "TaskManagerAPI.Core", "TaskManagerAPI.Core\TaskManagerAPI.Core.csproj", "{6060A976-8D86-4152-85C7-878D33598F71}"
EndProject
Project("{FAE04EC0-301F-11D3-BF4B-00C04F79EFBC}") = "TaskManagerAPI.Infrastructure", "TaskManagerAPI.Infrastructure\TaskManagerAPI.Infrastructure.csproj", "{12FA8718-8C93-44E8-BED5-B4257553C4F8}"
EndProject
Project("{FAE04EC0-301F-11D3-BF4B-00C04F79EFBC}") = "TaskManagerAPI.Services", "TaskManagerAPI.Services\TaskManagerAPI.Services.csproj", "{4F126AB5-2DC3-4807-B297-AA5B3DD807D6}"
EndProject
Project("{FAE04EC0-301F-11D3-BF4B-00C04F79EFBC}") = "TaskManagerAPI.Tests", "TaskManagerAPI.Tests\TaskManagerAPI.Tests.csproj", "{CAB3DEDF-38A6-4BA6-946C-EDD5A368DB92}"
EndProject
Global
	GlobalSection(SolutionConfigurationPlatforms) = preSolution
		Debug|Any CPU = Debug|Any CPU
		Release|Any CPU = Release|Any CPU
	EndGlobalSection
	GlobalSection(ProjectConfigurationPlatforms) = postSolution
		{584AA8E3-684B-4C45-BB34-29D6FCB6AE82}.Debug|Any CPU.ActiveCfg = Debug|Any CPU
		{584AA8E3-684B-4C45-BB34-29D6FCB6AE82}.Debug|Any CPU.Build.0 = Debug|Any CPU
		{584AA8E3-684B-4C45-BB34-29D6FCB6AE82}.Release|Any CPU.ActiveCfg = Release|Any CPU
		{584AA8E3-684B-4C45-BB34-29D6FCB6AE82}.Release|Any CPU.Build.0 = Release|Any CPU
		{6060A976-8D86-4152-85C7-878D33598F71}.Debug|Any CPU.ActiveCfg = Debug|Any CPU
		{6060A976-8D86-4152-85C7-878D33598F71}.Debug|Any CPU.Build.0 = Debug|Any CPU
		{6060A976-8D86-4152-85C7-878D33598F71}.Release|Any CPU.ActiveCfg = Release|Any CPU
		{6060A976-8D86-4152-85C7-878D33598F71}.Release|Any CPU.Build.0 = Release|Any CPU
		{12FA8718-8C93-44E8-BED5-B4257553C4F8}.Debug|Any CPU.ActiveCfg = Debug|Any CPU
		{12FA8718-8C93-44E8-BED5-B4257553C4F8}.Debug|Any CPU.Build.0 = Debug|Any CPU
		{12FA8718-8C93-44E8-BED5-B4257553C4F8}.Release|Any CPU.ActiveCfg = Release|Any CPU
		{12FA8718-8C93-44E8-BED5-B4257553C4F8}.Release|Any CPU.Build.0 = Release|Any CPU
		{4F126AB5-2DC3-4807-B297-AA5B3DD807D6}.Debug|Any CPU.ActiveCfg = Debug|Any CPU
		{4F126AB5-2DC3-4807-B297-AA5B3DD807D6}.Debug|Any CPU.Build.0 = Debug|Any CPU
		{4F126AB5-2DC3-4807-B297-AA5B3DD807D6}.Release|Any CPU.ActiveCfg = Release|Any CPU
		{4F126AB5-2DC3-4807-B297-AA5B3DD807D6}.Release|Any CPU.Build.0 = Release|Any CPU
		{CAB3DEDF-38A6-4BA6-946C-EDD5A368DB92}.Debug|Any CPU.ActiveCfg = Debug|Any CPU
		{CAB3DEDF-38A6-4BA6-946C-EDD5A368DB92}.Debug|Any CPU.Build.0 = Debug|Any CPU
		{CAB3DEDF-38A6-4BA6-946C-EDD5A368DB92}.Release|Any CPU.ActiveCfg = Release|Any CPU
		{CAB3DEDF-38A6-4BA6-946C-EDD5A368DB92}.Release|Any CPU.Build.0 = Release|Any CPU
	EndGlobalSection
EndGlobal
